// !$*UTF8*$!
{
	archiveVersion = 1;
	classes = {
	};
	objectVersion = 48;
	objects = {

/* Begin PBXBuildFile section */
		24B6892B1FC388E7003B8516 /* AppDelegate.swift in Sources */ = {isa = PBXBuildFile; fileRef = 24B6892A1FC388E7003B8516 /* AppDelegate.swift */; };
		24B6892D1FC388E7003B8516 /* ViewController.swift in Sources */ = {isa = PBXBuildFile; fileRef = 24B6892C1FC388E7003B8516 /* ViewController.swift */; };
		24B689301FC388E7003B8516 /* Main.storyboard in Resources */ = {isa = PBXBuildFile; fileRef = 24B6892E1FC388E7003B8516 /* Main.storyboard */; };
		24B689321FC388E7003B8516 /* Assets.xcassets in Resources */ = {isa = PBXBuildFile; fileRef = 24B689311FC388E7003B8516 /* Assets.xcassets */; };
		24B689351FC388E7003B8516 /* LaunchScreen.storyboard in Resources */ = {isa = PBXBuildFile; fileRef = 24B689331FC388E7003B8516 /* LaunchScreen.storyboard */; };
		24B689401FC388E7003B8516 /* Do_I_Need_My_JacketTests.swift in Sources */ = {isa = PBXBuildFile; fileRef = 24B6893F1FC388E7003B8516 /* Do_I_Need_My_JacketTests.swift */; };
		24B6894B1FC388E7003B8516 /* Do_I_Need_My_JacketUITests.swift in Sources */ = {isa = PBXBuildFile; fileRef = 24B6894A1FC388E7003B8516 /* Do_I_Need_My_JacketUITests.swift */; };
/* End PBXBuildFile section */

/* Begin PBXContainerItemProxy section */
		24B6893C1FC388E7003B8516 /* PBXContainerItemProxy */ = {
			isa = PBXContainerItemProxy;
			containerPortal = 24B6891F1FC388E7003B8516 /* Project object */;
			proxyType = 1;
			remoteGlobalIDString = 24B689261FC388E7003B8516;
			remoteInfo = "Do I Need My Jacket";
		};
		24B689471FC388E7003B8516 /* PBXContainerItemProxy */ = {
			isa = PBXContainerItemProxy;
			containerPortal = 24B6891F1FC388E7003B8516 /* Project object */;
			proxyType = 1;
			remoteGlobalIDString = 24B689261FC388E7003B8516;
			remoteInfo = "Do I Need My Jacket";
		};
/* End PBXContainerItemProxy section */

/* Begin PBXFileReference section */
		24B689271FC388E7003B8516 /* Do I Need My Jacket.app */ = {isa = PBXFileReference; explicitFileType = wrapper.application; includeInIndex = 0; path = "Do I Need My Jacket.app"; sourceTree = BUILT_PRODUCTS_DIR; };
		24B6892A1FC388E7003B8516 /* AppDelegate.swift */ = {isa = PBXFileReference; lastKnownFileType = sourcecode.swift; path = AppDelegate.swift; sourceTree = "<group>"; };
		24B6892C1FC388E7003B8516 /* ViewController.swift */ = {isa = PBXFileReference; lastKnownFileType = sourcecode.swift; path = ViewController.swift; sourceTree = "<group>"; };
		24B6892F1FC388E7003B8516 /* Base */ = {isa = PBXFileReference; lastKnownFileType = file.storyboard; name = Base; path = Base.lproj/Main.storyboard; sourceTree = "<group>"; };
		24B689311FC388E7003B8516 /* Assets.xcassets */ = {isa = PBXFileReference; lastKnownFileType = folder.assetcatalog; path = Assets.xcassets; sourceTree = "<group>"; };
		24B689341FC388E7003B8516 /* Base */ = {isa = PBXFileReference; lastKnownFileType = file.storyboard; name = Base; path = Base.lproj/LaunchScreen.storyboard; sourceTree = "<group>"; };
		24B689361FC388E7003B8516 /* Info.plist */ = {isa = PBXFileReference; lastKnownFileType = text.plist.xml; path = Info.plist; sourceTree = "<group>"; };
		24B6893B1FC388E7003B8516 /* Do I Need My JacketTests.xctest */ = {isa = PBXFileReference; explicitFileType = wrapper.cfbundle; includeInIndex = 0; path = "Do I Need My JacketTests.xctest"; sourceTree = BUILT_PRODUCTS_DIR; };
		24B6893F1FC388E7003B8516 /* Do_I_Need_My_JacketTests.swift */ = {isa = PBXFileReference; lastKnownFileType = sourcecode.swift; path = Do_I_Need_My_JacketTests.swift; sourceTree = "<group>"; };
		24B689411FC388E7003B8516 /* Info.plist */ = {isa = PBXFileReference; lastKnownFileType = text.plist.xml; path = Info.plist; sourceTree = "<group>"; };
		24B689461FC388E7003B8516 /* Do I Need My JacketUITests.xctest */ = {isa = PBXFileReference; explicitFileType = wrapper.cfbundle; includeInIndex = 0; path = "Do I Need My JacketUITests.xctest"; sourceTree = BUILT_PRODUCTS_DIR; };
		24B6894A1FC388E7003B8516 /* Do_I_Need_My_JacketUITests.swift */ = {isa = PBXFileReference; lastKnownFileType = sourcecode.swift; path = Do_I_Need_My_JacketUITests.swift; sourceTree = "<group>"; };
		24B6894C1FC388E7003B8516 /* Info.plist */ = {isa = PBXFileReference; lastKnownFileType = text.plist.xml; path = Info.plist; sourceTree = "<group>"; };
/* End PBXFileReference section */

/* Begin PBXFrameworksBuildPhase section */
		24B689241FC388E7003B8516 /* Frameworks */ = {
			isa = PBXFrameworksBuildPhase;
			buildActionMask = 2147483647;
			files = (
			);
			runOnlyForDeploymentPostprocessing = 0;
		};
		24B689381FC388E7003B8516 /* Frameworks */ = {
			isa = PBXFrameworksBuildPhase;
			buildActionMask = 2147483647;
			files = (
			);
			runOnlyForDeploymentPostprocessing = 0;
		};
		24B689431FC388E7003B8516 /* Frameworks */ = {
			isa = PBXFrameworksBuildPhase;
			buildActionMask = 2147483647;
			files = (
			);
			runOnlyForDeploymentPostprocessing = 0;
		};
/* End PBXFrameworksBuildPhase section */

/* Begin PBXGroup section */
		24B6891E1FC388E7003B8516 = {
			isa = PBXGroup;
			children = (
				24B689291FC388E7003B8516 /* Do I Need My Jacket */,
				24B6893E1FC388E7003B8516 /* Do I Need My JacketTests */,
				24B689491FC388E7003B8516 /* Do I Need My JacketUITests */,
				24B689281FC388E7003B8516 /* Products */,
			);
			sourceTree = "<group>";
		};
		24B689281FC388E7003B8516 /* Products */ = {
			isa = PBXGroup;
			children = (
				24B689271FC388E7003B8516 /* Do I Need My Jacket.app */,
				24B6893B1FC388E7003B8516 /* Do I Need My JacketTests.xctest */,
				24B689461FC388E7003B8516 /* Do I Need My JacketUITests.xctest */,
			);
			name = Products;
			sourceTree = "<group>";
		};
		24B689291FC388E7003B8516 /* Do I Need My Jacket */ = {
			isa = PBXGroup;
			children = (
				24B6892A1FC388E7003B8516 /* AppDelegate.swift */,
				24B6892C1FC388E7003B8516 /* ViewController.swift */,
				24B6892E1FC388E7003B8516 /* Main.storyboard */,
				24B689311FC388E7003B8516 /* Assets.xcassets */,
				24B689331FC388E7003B8516 /* LaunchScreen.storyboard */,
				24B689361FC388E7003B8516 /* Info.plist */,
			);
			path = "Do I Need My Jacket";
			sourceTree = "<group>";
		};
		24B6893E1FC388E7003B8516 /* Do I Need My JacketTests */ = {
			isa = PBXGroup;
			children = (
				24B6893F1FC388E7003B8516 /* Do_I_Need_My_JacketTests.swift */,
				24B689411FC388E7003B8516 /* Info.plist */,
			);
			path = "Do I Need My JacketTests";
			sourceTree = "<group>";
		};
		24B689491FC388E7003B8516 /* Do I Need My JacketUITests */ = {
			isa = PBXGroup;
			children = (
				24B6894A1FC388E7003B8516 /* Do_I_Need_My_JacketUITests.swift */,
				24B6894C1FC388E7003B8516 /* Info.plist */,
			);
			path = "Do I Need My JacketUITests";
			sourceTree = "<group>";
		};
/* End PBXGroup section */

/* Begin PBXNativeTarget section */
		24B689261FC388E7003B8516 /* Do I Need My Jacket */ = {
			isa = PBXNativeTarget;
			buildConfigurationList = 24B6894F1FC388E7003B8516 /* Build configuration list for PBXNativeTarget "Do I Need My Jacket" */;
			buildPhases = (
				24B689231FC388E7003B8516 /* Sources */,
				24B689241FC388E7003B8516 /* Frameworks */,
				24B689251FC388E7003B8516 /* Resources */,
			);
			buildRules = (
			);
			dependencies = (
			);
			name = "Do I Need My Jacket";
			productName = "Do I Need My Jacket";
			productReference = 24B689271FC388E7003B8516 /* Do I Need My Jacket.app */;
			productType = "com.apple.product-type.application";
		};
		24B6893A1FC388E7003B8516 /* Do I Need My JacketTests */ = {
			isa = PBXNativeTarget;
			buildConfigurationList = 24B689521FC388E7003B8516 /* Build configuration list for PBXNativeTarget "Do I Need My JacketTests" */;
			buildPhases = (
				24B689371FC388E7003B8516 /* Sources */,
				24B689381FC388E7003B8516 /* Frameworks */,
				24B689391FC388E7003B8516 /* Resources */,
			);
			buildRules = (
			);
			dependencies = (
				24B6893D1FC388E7003B8516 /* PBXTargetDependency */,
			);
			name = "Do I Need My JacketTests";
			productName = "Do I Need My JacketTests";
			productReference = 24B6893B1FC388E7003B8516 /* Do I Need My JacketTests.xctest */;
			productType = "com.apple.product-type.bundle.unit-test";
		};
		24B689451FC388E7003B8516 /* Do I Need My JacketUITests */ = {
			isa = PBXNativeTarget;
			buildConfigurationList = 24B689551FC388E7003B8516 /* Build configuration list for PBXNativeTarget "Do I Need My JacketUITests" */;
			buildPhases = (
				24B689421FC388E7003B8516 /* Sources */,
				24B689431FC388E7003B8516 /* Frameworks */,
				24B689441FC388E7003B8516 /* Resources */,
			);
			buildRules = (
			);
			dependencies = (
				24B689481FC388E7003B8516 /* PBXTargetDependency */,
			);
			name = "Do I Need My JacketUITests";
			productName = "Do I Need My JacketUITests";
			productReference = 24B689461FC388E7003B8516 /* Do I Need My JacketUITests.xctest */;
			productType = "com.apple.product-type.bundle.ui-testing";
		};
/* End PBXNativeTarget section */

/* Begin PBXProject section */
		24B6891F1FC388E7003B8516 /* Project object */ = {
			isa = PBXProject;
			attributes = {
				LastSwiftUpdateCheck = 0910;
				LastUpgradeCheck = 0910;
				ORGANIZATIONNAME = "Duy Le";
				TargetAttributes = {
					24B689261FC388E7003B8516 = {
						CreatedOnToolsVersion = 9.1;
						ProvisioningStyle = Automatic;
					};
					24B6893A1FC388E7003B8516 = {
						CreatedOnToolsVersion = 9.1;
						ProvisioningStyle = Automatic;
						TestTargetID = 24B689261FC388E7003B8516;
					};
					24B689451FC388E7003B8516 = {
						CreatedOnToolsVersion = 9.1;
						ProvisioningStyle = Automatic;
						TestTargetID = 24B689261FC388E7003B8516;
					};
				};
			};
			buildConfigurationList = 24B689221FC388E7003B8516 /* Build configuration list for PBXProject "Do I Need My Jacket" */;
			compatibilityVersion = "Xcode 8.0";
			developmentRegion = en;
			hasScannedForEncodings = 0;
			knownRegions = (
				en,
				Base,
			);
			mainGroup = 24B6891E1FC388E7003B8516;
			productRefGroup = 24B689281FC388E7003B8516 /* Products */;
			projectDirPath = "";
			projectRoot = "";
			targets = (
				24B689261FC388E7003B8516 /* Do I Need My Jacket */,
				24B6893A1FC388E7003B8516 /* Do I Need My JacketTests */,
				24B689451FC388E7003B8516 /* Do I Need My JacketUITests */,
			);
		};
/* End PBXProject section */

/* Begin PBXResourcesBuildPhase section */
		24B689251FC388E7003B8516 /* Resources */ = {
			isa = PBXResourcesBuildPhase;
			buildActionMask = 2147483647;
			files = (
				24B689351FC388E7003B8516 /* LaunchScreen.storyboard in Resources */,
				24B689321FC388E7003B8516 /* Assets.xcassets in Resources */,
				24B689301FC388E7003B8516 /* Main.storyboard in Resources */,
			);
			runOnlyForDeploymentPostprocessing = 0;
		};
		24B689391FC388E7003B8516 /* Resources */ = {
			isa = PBXResourcesBuildPhase;
			buildActionMask = 2147483647;
			files = (
			);
			runOnlyForDeploymentPostprocessing = 0;
		};
		24B689441FC388E7003B8516 /* Resources */ = {
			isa = PBXResourcesBuildPhase;
			buildActionMask = 2147483647;
			files = (
			);
			runOnlyForDeploymentPostprocessing = 0;
		};
/* End PBXResourcesBuildPhase section */

/* Begin PBXSourcesBuildPhase section */
		24B689231FC388E7003B8516 /* Sources */ = {
			isa = PBXSourcesBuildPhase;
			buildActionMask = 2147483647;
			files = (
				24B6892D1FC388E7003B8516 /* ViewController.swift in Sources */,
				24B6892B1FC388E7003B8516 /* AppDelegate.swift in Sources */,
			);
			runOnlyForDeploymentPostprocessing = 0;
		};
		24B689371FC388E7003B8516 /* Sources */ = {
			isa = PBXSourcesBuildPhase;
			buildActionMask = 2147483647;
			files = (
				24B689401FC388E7003B8516 /* Do_I_Need_My_JacketTests.swift in Sources */,
			);
			runOnlyForDeploymentPostprocessing = 0;
		};
		24B689421FC388E7003B8516 /* Sources */ = {
			isa = PBXSourcesBuildPhase;
			buildActionMask = 2147483647;
			files = (
				24B6894B1FC388E7003B8516 /* Do_I_Need_My_JacketUITests.swift in Sources */,
			);
			runOnlyForDeploymentPostprocessing = 0;
		};
/* End PBXSourcesBuildPhase section */

/* Begin PBXTargetDependency section */
		24B6893D1FC388E7003B8516 /* PBXTargetDependency */ = {
			isa = PBXTargetDependency;
			target = 24B689261FC388E7003B8516 /* Do I Need My Jacket */;
			targetProxy = 24B6893C1FC388E7003B8516 /* PBXContainerItemProxy */;
		};
		24B689481FC388E7003B8516 /* PBXTargetDependency */ = {
			isa = PBXTargetDependency;
			target = 24B689261FC388E7003B8516 /* Do I Need My Jacket */;
			targetProxy = 24B689471FC388E7003B8516 /* PBXContainerItemProxy */;
		};
/* End PBXTargetDependency section */

/* Begin PBXVariantGroup section */
		24B6892E1FC388E7003B8516 /* Main.storyboard */ = {
			isa = PBXVariantGroup;
			children = (
				24B6892F1FC388E7003B8516 /* Base */,
			);
			name = Main.storyboard;
			sourceTree = "<group>";
		};
		24B689331FC388E7003B8516 /* LaunchScreen.storyboard */ = {
			isa = PBXVariantGroup;
			children = (
				24B689341FC388E7003B8516 /* Base */,
			);
			name = LaunchScreen.storyboard;
			sourceTree = "<group>";
		};
/* End PBXVariantGroup section */

/* Begin XCBuildConfiguration section */
		24B6894D1FC388E7003B8516 /* Debug */ = {
			isa = XCBuildConfiguration;
			buildSettings = {
				ALWAYS_SEARCH_USER_PATHS = NO;
				CLANG_ANALYZER_NONNULL = YES;
				CLANG_ANALYZER_NUMBER_OBJECT_CONVERSION = YES_AGGRESSIVE;
				CLANG_CXX_LANGUAGE_STANDARD = "gnu++14";
				CLANG_CXX_LIBRARY = "libc++";
				CLANG_ENABLE_MODULES = YES;
				CLANG_ENABLE_OBJC_ARC = YES;
				CLANG_WARN_BLOCK_CAPTURE_AUTORELEASING = YES;
				CLANG_WARN_BOOL_CONVERSION = YES;
				CLANG_WARN_COMMA = YES;
				CLANG_WARN_CONSTANT_CONVERSION = YES;
				CLANG_WARN_DIRECT_OBJC_ISA_USAGE = YES_ERROR;
				CLANG_WARN_DOCUMENTATION_COMMENTS = YES;
				CLANG_WARN_EMPTY_BODY = YES;
				CLANG_WARN_ENUM_CONVERSION = YES;
				CLANG_WARN_INFINITE_RECURSION = YES;
				CLANG_WARN_INT_CONVERSION = YES;
				CLANG_WARN_NON_LITERAL_NULL_CONVERSION = YES;
				CLANG_WARN_OBJC_LITERAL_CONVERSION = YES;
				CLANG_WARN_OBJC_ROOT_CLASS = YES_ERROR;
				CLANG_WARN_RANGE_LOOP_ANALYSIS = YES;
				CLANG_WARN_STRICT_PROTOTYPES = YES;
				CLANG_WARN_SUSPICIOUS_MOVE = YES;
				CLANG_WARN_UNGUARDED_AVAILABILITY = YES_AGGRESSIVE;
				CLANG_WARN_UNREACHABLE_CODE = YES;
				CLANG_WARN__DUPLICATE_METHOD_MATCH = YES;
				CODE_SIGN_IDENTITY = "iPhone Developer";
				COPY_PHASE_STRIP = NO;
				DEBUG_INFORMATION_FORMAT = dwarf;
				ENABLE_STRICT_OBJC_MSGSEND = YES;
				ENABLE_TESTABILITY = YES;
				GCC_C_LANGUAGE_STANDARD = gnu11;
				GCC_DYNAMIC_NO_PIC = NO;
				GCC_NO_COMMON_BLOCKS = YES;
				GCC_OPTIMIZATION_LEVEL = 0;
				GCC_PREPROCESSOR_DEFINITIONS = (
					"DEBUG=1",
					"$(inherited)",
				);
				GCC_WARN_64_TO_32_BIT_CONVERSION = YES;
				GCC_WARN_ABOUT_RETURN_TYPE = YES_ERROR;
				GCC_WARN_UNDECLARED_SELECTOR = YES;
				GCC_WARN_UNINITIALIZED_AUTOS = YES_AGGRESSIVE;
				GCC_WARN_UNUSED_FUNCTION = YES;
				GCC_WARN_UNUSED_VARIABLE = YES;
				IPHONEOS_DEPLOYMENT_TARGET = 11.1;
				MTL_ENABLE_DEBUG_INFO = YES;
				ONLY_ACTIVE_ARCH = YES;
				SDKROOT = iphoneos;
				SWIFT_ACTIVE_COMPILATION_CONDITIONS = DEBUG;
				SWIFT_OPTIMIZATION_LEVEL = "-Onone";
			};
			name = Debug;
		};
		24B6894E1FC388E7003B8516 /* Release */ = {
			isa = XCBuildConfiguration;
			buildSettings = {
				ALWAYS_SEARCH_USER_PATHS = NO;
				CLANG_ANALYZER_NONNULL = YES;
				CLANG_ANALYZER_NUMBER_OBJECT_CONVERSION = YES_AGGRESSIVE;
				CLANG_CXX_LANGUAGE_STANDARD = "gnu++14";
				CLANG_CXX_LIBRARY = "libc++";
				CLANG_ENABLE_MODULES = YES;
				CLANG_ENABLE_OBJC_ARC = YES;
				CLANG_WARN_BLOCK_CAPTURE_AUTORELEASING = YES;
				CLANG_WARN_BOOL_CONVERSION = YES;
				CLANG_WARN_COMMA = YES;
				CLANG_WARN_CONSTANT_CONVERSION = YES;
				CLANG_WARN_DIRECT_OBJC_ISA_USAGE = YES_ERROR;
				CLANG_WARN_DOCUMENTATION_COMMENTS = YES;
				CLANG_WARN_EMPTY_BODY = YES;
				CLANG_WARN_ENUM_CONVERSION = YES;
				CLANG_WARN_INFINITE_RECURSION = YES;
				CLANG_WARN_INT_CONVERSION = YES;
				CLANG_WARN_NON_LITERAL_NULL_CONVERSION = YES;
				CLANG_WARN_OBJC_LITERAL_CONVERSION = YES;
				CLANG_WARN_OBJC_ROOT_CLASS = YES_ERROR;
				CLANG_WARN_RANGE_LOOP_ANALYSIS = YES;
				CLANG_WARN_STRICT_PROTOTYPES = YES;
				CLANG_WARN_SUSPICIOUS_MOVE = YES;
				CLANG_WARN_UNGUARDED_AVAILABILITY = YES_AGGRESSIVE;
				CLANG_WARN_UNREACHABLE_CODE = YES;
				CLANG_WARN__DUPLICATE_METHOD_MATCH = YES;
				CODE_SIGN_IDENTITY = "iPhone Developer";
				COPY_PHASE_STRIP = NO;
				DEBUG_INFORMATION_FORMAT = "dwarf-with-dsym";
				ENABLE_NS_ASSERTIONS = NO;
				ENABLE_STRICT_OBJC_MSGSEND = YES;
				GCC_C_LANGUAGE_STANDARD = gnu11;
				GCC_NO_COMMON_BLOCKS = YES;
				GCC_WARN_64_TO_32_BIT_CONVERSION = YES;
				GCC_WARN_ABOUT_RETURN_TYPE = YES_ERROR;
				GCC_WARN_UNDECLARED_SELECTOR = YES;
				GCC_WARN_UNINITIALIZED_AUTOS = YES_AGGRESSIVE;
				GCC_WARN_UNUSED_FUNCTION = YES;
				GCC_WARN_UNUSED_VARIABLE = YES;
				IPHONEOS_DEPLOYMENT_TARGET = 11.1;
				MTL_ENABLE_DEBUG_INFO = NO;
				SDKROOT = iphoneos;
				SWIFT_OPTIMIZATION_LEVEL = "-Owholemodule";
				VALIDATE_PRODUCT = YES;
			};
			name = Release;
		};
		24B689501FC388E7003B8516 /* Debug */ = {
			isa = XCBuildConfiguration;
			buildSettings = {
				ASSETCATALOG_COMPILER_APPICON_NAME = AppIcon;
				CODE_SIGN_STYLE = Automatic;
				DEVELOPMENT_TEAM = Y692F89PT8;
				INFOPLIST_FILE = "Do I Need My Jacket/Info.plist";
				LD_RUNPATH_SEARCH_PATHS = "$(inherited) @executable_path/Frameworks";
				PRODUCT_BUNDLE_IDENTIFIER = "Duy-Le.Do-I-Need-My-Jacket";
				PRODUCT_NAME = "$(TARGET_NAME)";
				SWIFT_VERSION = 4.0;
				TARGETED_DEVICE_FAMILY = "1,2";
			};
			name = Debug;
		};
		24B689511FC388E7003B8516 /* Release */ = {
			isa = XCBuildConfiguration;
			buildSettings = {
				ASSETCATALOG_COMPILER_APPICON_NAME = AppIcon;
				CODE_SIGN_STYLE = Automatic;
				DEVELOPMENT_TEAM = Y692F89PT8;
				INFOPLIST_FILE = "Do I Need My Jacket/Info.plist";
				LD_RUNPATH_SEARCH_PATHS = "$(inherited) @executable_path/Frameworks";
				PRODUCT_BUNDLE_IDENTIFIER = "Duy-Le.Do-I-Need-My-Jacket";
				PRODUCT_NAME = "$(TARGET_NAME)";
				SWIFT_VERSION = 4.0;
				TARGETED_DEVICE_FAMILY = "1,2";
			};
			name = Release;
		};
		24B689531FC388E7003B8516 /* Debug */ = {
			isa = XCBuildConfiguration;
			buildSettings = {
				ALWAYS_EMBED_SWIFT_STANDARD_LIBRARIES = YES;
				BUNDLE_LOADER = "$(TEST_HOST)";
				CODE_SIGN_STYLE = Automatic;
				DEVELOPMENT_TEAM = Y692F89PT8;
				INFOPLIST_FILE = "Do I Need My JacketTests/Info.plist";
				LD_RUNPATH_SEARCH_PATHS = "$(inherited) @executable_path/Frameworks @loader_path/Frameworks";
				PRODUCT_BUNDLE_IDENTIFIER = "Duy-Le.Do-I-Need-My-JacketTests";
				PRODUCT_NAME = "$(TARGET_NAME)";
				SWIFT_VERSION = 4.0;
				TARGETED_DEVICE_FAMILY = "1,2";
				TEST_HOST = "$(BUILT_PRODUCTS_DIR)/Do I Need My Jacket.app/Do I Need My Jacket";
			};
			name = Debug;
		};
		24B689541FC388E7003B8516 /* Release */ = {
			isa = XCBuildConfiguration;
			buildSettings = {
				ALWAYS_EMBED_SWIFT_STANDARD_LIBRARIES = YES;
				BUNDLE_LOADER = "$(TEST_HOST)";
				CODE_SIGN_STYLE = Automatic;
				DEVELOPMENT_TEAM = Y692F89PT8;
				INFOPLIST_FILE = "Do I Need My JacketTests/Info.plist";
				LD_RUNPATH_SEARCH_PATHS = "$(inherited) @executable_path/Frameworks @loader_path/Frameworks";
				PRODUCT_BUNDLE_IDENTIFIER = "Duy-Le.Do-I-Need-My-JacketTests";
				PRODUCT_NAME = "$(TARGET_NAME)";
				SWIFT_VERSION = 4.0;
				TARGETED_DEVICE_FAMILY = "1,2";
				TEST_HOST = "$(BUILT_PRODUCTS_DIR)/Do I Need My Jacket.app/Do I Need My Jacket";
			};
			name = Release;
		};
		24B689561FC388E7003B8516 /* Debug */ = {
			isa = XCBuildConfiguration;
			buildSettings = {
				ALWAYS_EMBED_SWIFT_STANDARD_LIBRARIES = YES;
				CODE_SIGN_STYLE = Automatic;
				DEVELOPMENT_TEAM = Y692F89PT8;
				INFOPLIST_FILE = "Do I Need My JacketUITests/Info.plist";
				LD_RUNPATH_SEARCH_PATHS = "$(inherited) @executable_path/Frameworks @loader_path/Frameworks";
				PRODUCT_BUNDLE_IDENTIFIER = "Duy-Le.Do-I-Need-My-JacketUITests";
				PRODUCT_NAME = "$(TARGET_NAME)";
				SWIFT_VERSION = 4.0;
				TARGETED_DEVICE_FAMILY = "1,2";
				TEST_TARGET_NAME = "Do I Need My Jacket";
			};
			name = Debug;
		};
		24B689571FC388E7003B8516 /* Release */ = {
			isa = XCBuildConfiguration;
			buildSettings = {
				ALWAYS_EMBED_SWIFT_STANDARD_LIBRARIES = YES;
				CODE_SIGN_STYLE = Automatic;
				DEVELOPMENT_TEAM = Y692F89PT8;
				INFOPLIST_FILE = "Do I Need My JacketUITests/Info.plist";
				LD_RUNPATH_SEARCH_PATHS = "$(inherited) @executable_path/Frameworks @loader_path/Frameworks";
				PRODUCT_BUNDLE_IDENTIFIER = "Duy-Le.Do-I-Need-My-JacketUITests";
				PRODUCT_NAME = "$(TARGET_NAME)";
				SWIFT_VERSION = 4.0;
				TARGETED_DEVICE_FAMILY = "1,2";
				TEST_TARGET_NAME = "Do I Need My Jacket";
			};
			name = Release;
		};
/* End XCBuildConfiguration section */

/* Begin XCConfigurationList section */
		24B689221FC388E7003B8516 /* Build configuration list for PBXProject "Do I Need My Jacket" */ = {
			isa = XCConfigurationList;
			buildConfigurations = (
				24B6894D1FC388E7003B8516 /* Debug */,
				24B6894E1FC388E7003B8516 /* Release */,
			);
			defaultConfigurationIsVisible = 0;
			defaultConfigurationName = Release;
		};
		24B6894F1FC388E7003B8516 /* Build configuration list for PBXNativeTarget "Do I Need My Jacket" */ = {
			isa = XCConfigurationList;
			buildConfigurations = (
				24B689501FC388E7003B8516 /* Debug */,
				24B689511FC388E7003B8516 /* Release */,
			);
			defaultConfigurationIsVisible = 0;
			defaultConfigurationName = Release;
		};
		24B689521FC388E7003B8516 /* Build configuration list for PBXNativeTarget "Do I Need My JacketTests" */ = {
			isa = XCConfigurationList;
			buildConfigurations = (
				24B689531FC388E7003B8516 /* Debug */,
				24B689541FC388E7003B8516 /* Release */,
			);
			defaultConfigurationIsVisible = 0;
			defaultConfigurationName = Release;
		};
		24B689551FC388E7003B8516 /* Build configuration list for PBXNativeTarget "Do I Need My JacketUITests" */ = {
			isa = XCConfigurationList;
			buildConfigurations = (
				24B689561FC388E7003B8516 /* Debug */,
				24B689571FC388E7003B8516 /* Release */,
			);
			defaultConfigurationIsVisible = 0;
			defaultConfigurationName = Release;
		};
/* End XCConfigurationList section */
	};
	rootObject = 24B6891F1FC388E7003B8516 /* Project object */;
}
